# THIS IS AN AUTOGENERATED FILE. DO NOT EDIT THIS FILE DIRECTLY.
# yarn lockfile v1


"@discord-nucleus/configurations@^1.0.4":
  version "1.0.4"
  resolved "https://registry.yarnpkg.com/@discord-nucleus/configurations/-/configurations-1.0.4.tgz#0a8371e55f16bb16b98dc973dfbbe79e5e52dd1f"
  integrity sha512-8b8FRZRClz0DG9Q2m3fZ9CogJ2AOzAh9fDEWOmw7eMY+3teWDqUafAu1Dp8hCIg63jr6zPf/snhgUaonridQ+w==

"@types/node@^16.0.0":
  version "16.18.8"
  resolved "https://registry.yarnpkg.com/@types/node/-/node-16.18.8.tgz#ffb2a4efa4eb4384811081776c52b054481cca54"
  integrity sha512-TrpoNiaPvBH5h8rQQenMtVsJXtGsVBRJrcp2Ik6oEt99jHfGvDLh20VTTq3ixTbjYujukYz1IlY4N8a8yfY0jA==

typescript@^4.9.4:
  version "4.9.4"
  resolved "https://registry.yarnpkg.com/typescript/-/typescript-4.9.4.tgz#a2a3d2756c079abda241d75f149df9d561091e78"
  integrity sha512-Uz+dTXYzxXXbsFpM86Wh3dKCxrQqUcVMxwU54orwlJjOpO3ao8L7j5lH+dWfTwgCwIuM9GQ2kvVotzYJMXTBZg==
